
Microsoft Visual Studio Solution File, Format Version 12.00
# Visual Studio Version 17
VisualStudioVersion = 17.11.35312.102
MinimumVisualStudioVersion = 10.0.40219.1
Project("{FAE04EC0-301F-11D3-BF4B-00C04F79EFBC}") = "BookApp", "BookApp\BookApp.csproj", "{E06FD6F6-5A22-4950-911E-F93FBBA6D5C6}"
EndProject
Project("{FAE04EC0-301F-11D3-BF4B-00C04F79EFBC}") = "BookService", "BookService\BookService.csproj", "{2424A7D4-3A9A-4408-B261-058E99775665}"
EndProject
Project("{FAE04EC0-301F-11D3-BF4B-00C04F79EFBC}") = "DATA", "DATA\DATA.csproj", "{E0F87942-05E8-48CA-BDDB-8C50853725C3}"
EndProject
Project("{FAE04EC0-301F-11D3-BF4B-00C04F79EFBC}") = "Project.Domain", "Project.Domain\Project.Domain.csproj", "{847A4792-E85D-4385-B3A5-5C503410A501}"
EndProject
Project("{FAE04EC0-301F-11D3-BF4B-00C04F79EFBC}") = "Repository", "Repository\Repository.csproj", "{335D11A3-AE9D-4478-A788-EC1B445F6A30}"
EndProject
Global
	GlobalSection(SolutionConfigurationPlatforms) = preSolution
		Debug|Any CPU = Debug|Any CPU
		Release|Any CPU = Release|Any CPU
	EndGlobalSection
	GlobalSection(ProjectConfigurationPlatforms) = postSolution
		{E06FD6F6-5A22-4950-911E-F93FBBA6D5C6}.Debug|Any CPU.ActiveCfg = Debug|Any CPU
		{E06FD6F6-5A22-4950-911E-F93FBBA6D5C6}.Debug|Any CPU.Build.0 = Debug|Any CPU
		{E06FD6F6-5A22-4950-911E-F93FBBA6D5C6}.Release|Any CPU.ActiveCfg = Release|Any CPU
		{E06FD6F6-5A22-4950-911E-F93FBBA6D5C6}.Release|Any CPU.Build.0 = Release|Any CPU
		{2424A7D4-3A9A-4408-B261-058E99775665}.Debug|Any CPU.ActiveCfg = Debug|Any CPU
		{2424A7D4-3A9A-4408-B261-058E99775665}.Debug|Any CPU.Build.0 = Debug|Any CPU
		{2424A7D4-3A9A-4408-B261-058E99775665}.Release|Any CPU.ActiveCfg = Release|Any CPU
		{2424A7D4-3A9A-4408-B261-058E99775665}.Release|Any CPU.Build.0 = Release|Any CPU
		{E0F87942-05E8-48CA-BDDB-8C50853725C3}.Debug|Any CPU.ActiveCfg = Debug|Any CPU
		{E0F87942-05E8-48CA-BDDB-8C50853725C3}.Debug|Any CPU.Build.0 = Debug|Any CPU
		{E0F87942-05E8-48CA-BDDB-8C50853725C3}.Release|Any CPU.ActiveCfg = Release|Any CPU
		{E0F87942-05E8-48CA-BDDB-8C50853725C3}.Release|Any CPU.Build.0 = Release|Any CPU
		{847A4792-E85D-4385-B3A5-5C503410A501}.Debug|Any CPU.ActiveCfg = Debug|Any CPU
		{847A4792-E85D-4385-B3A5-5C503410A501}.Debug|Any CPU.Build.0 = Debug|Any CPU
		{847A4792-E85D-4385-B3A5-5C503410A501}.Release|Any CPU.ActiveCfg = Release|Any CPU
		{847A4792-E85D-4385-B3A5-5C503410A501}.Release|Any CPU.Build.0 = Release|Any CPU
		{335D11A3-AE9D-4478-A788-EC1B445F6A30}.Debug|Any CPU.ActiveCfg = Debug|Any CPU
		{335D11A3-AE9D-4478-A788-EC1B445F6A30}.Debug|Any CPU.Build.0 = Debug|Any CPU
		{335D11A3-AE9D-4478-A788-EC1B445F6A30}.Release|Any CPU.ActiveCfg = Release|Any CPU
		{335D11A3-AE9D-4478-A788-EC1B445F6A30}.Release|Any CPU.Build.0 = Release|Any CPU
	EndGlobalSection
	GlobalSection(SolutionProperties) = preSolution
		HideSolutionNode = FALSE
	EndGlobalSection
	GlobalSection(ExtensibilityGlobals) = postSolution
		SolutionGuid = {579406B5-2B67-402D-AA89-021DDA0F826A}
	EndGlobalSection
EndGlobal
